
Microsoft Visual Studio Solution File, Format Version 12.00
# Visual Studio Version 17
VisualStudioVersion = 17.1.32210.238
MinimumVisualStudioVersion = 10.0.40219.1
Project("{FAE04EC0-301F-11D3-BF4B-00C04F79EFBC}") = "Example", "Example.csproj", "{2E22D3D9-D6E5-4219-947C-10CCC48E92FE}"
EndProject
Global
	GlobalSection(SolutionConfigurationPlatforms) = preSolution
		Debug|Any CPU = Debug|Any CPU
		Release|Any CPU = Release|Any CPU
	EndGlobalSection
	GlobalSection(ProjectConfigurationPlatforms) = postSolution
		{2E22D3D9-D6E5-4219-947C-10CCC48E92FE}.Debug|Any CPU.ActiveCfg = Debug|Any CPU
		{2E22D3D9-D6E5-4219-947C-10CCC48E92FE}.Debug|Any CPU.Build.0 = Debug|Any CPU
		{2E22D3D9-D6E5-4219-947C-10CCC48E92FE}.Release|Any CPU.ActiveCfg = Release|Any CPU
		{2E22D3D9-D6E5-4219-947C-10CCC48E92FE}.Release|Any CPU.Build.0 = Release|Any CPU
	EndGlobalSection
	GlobalSection(SolutionProperties) = preSolution
		HideSolutionNode = FALSE
	EndGlobalSection
	GlobalSection(ExtensibilityGlobals) = postSolution
		SolutionGuid = {E979C6CF-14AF-4D93-9434-AD2EB17262CE}
	EndGlobalSection
EndGlobal
